{
  "version": 4,
  "terraform_version": "1.10.5",
  "serial": 6,
  "lineage": "dacfba8e-46c4-1c83-f5e2-c5e1136418d6",
  "outputs": {},
  "resources": [
    {
      "mode": "managed",
      "type": "aws_cloudformation_stack",
      "name": "basic_stack",
      "provider": "provider[\"registry.terraform.io/hashicorp/aws\"]",
      "instances": [
        {
          "schema_version": 0,
          "attributes": {
            "capabilities": [
              "CAPABILITY_NAMED_IAM"
            ],
            "disable_rollback": false,
            "iam_role_arn": "",
            "id": "arn:aws:cloudformation:eu-north-1:703671922793:stack/BasicIAM-S3-Stack/00d65e80-ef91-11ef-bfaf-0a43b430c919",
            "name": "BasicIAM-S3-Stack",
            "notification_arns": null,
            "on_failure": null,
            "outputs": {},
            "parameters": {},
            "policy_body": null,
            "policy_url": null,
            "tags": null,
            "tags_all": {},
            "template_body": "{\"Resources\":{\"MyIAMRole\":{\"Properties\":{\"AssumeRolePolicyDocument\":{\"Statement\":[{\"Action\":\"sts:AssumeRole\",\"Effect\":\"Allow\",\"Principal\":{\"Service\":\"lambda.amazonaws.com\"}}],\"Version\":\"2012-10-17\"},\"RoleName\":\"BasicIAMRole\"},\"Type\":\"AWS::IAM::Role\"},\"MyS3Bucket\":{\"Properties\":{\"BucketName\":\"basic-cloudformation-bucket\"},\"Type\":\"AWS::S3::Bucket\"}}}",
            "template_url": null,
            "timeout_in_minutes": 0,
            "timeouts": null
          },
          "sensitive_attributes": [],
          "private": "eyJlMmJmYjczMC1lY2FhLTExZTYtOGY4OC0zNDM2M2JjN2M0YzAiOnsiY3JlYXRlIjoxODAwMDAwMDAwMDAwLCJkZWxldGUiOjE4MDAwMDAwMDAwMDAsInVwZGF0ZSI6MTgwMDAwMDAwMDAwMH19"
        }
      ]
    }
  ],
  "check_results": null
}
